
Microsoft Visual Studio Solution File, Format Version 12.00
Project("{2150E333-8FDC-42A3-9474-1A3956D46DE8}") = "Application", "Application", "{2B563D3D-4479-4898-B423-FDD47707333C}"
EndProject
Project("{2150E333-8FDC-42A3-9474-1A3956D46DE8}") = "Tests", "Tests", "{E84A5D0F-CF02-454A-B215-6F5E244FC174}"
EndProject
Project("{FAE04EC0-301F-11D3-BF4B-00C04F79EFBC}") = "LetsGetChecked.IlabUsers.Api", "src\LetsGetChecked.IlabUsers.Api\LetsGetChecked.IlabUsers.Api.csproj", "{34CD1AB8-7DE6-468D-A187-CF1779F25AB4}"
EndProject
Project("{2150E333-8FDC-42A3-9474-1A3956D46DE8}") = ".Solution Files", ".Solution Files", "{25348360-33B0-4D40-8C79-A7AA5CECBB33}"
	ProjectSection(SolutionItems) = preProject
		main.tf = main.tf
	EndProjectSection
EndProject
Project("{2150E333-8FDC-42A3-9474-1A3956D46DE8}") = "dynamodb", "dynamodb", "{9931E8A8-7A42-4F8D-B1F7-768DBBBFD668}"
	ProjectSection(SolutionItems) = preProject
		dynamodb\v1.0.0\1_create_tables.sh = dynamodb\v1.0.0\1_create_tables.sh
		dynamodb\v1.0.0\1_table_setup.ps1 = dynamodb\v1.0.0\1_table_setup.ps1
		dynamodb\v1.0.0\2_continuous_backups.ps1 = dynamodb\v1.0.0\2_continuous_backups.ps1
	EndProjectSection
EndProject
Project("{2150E333-8FDC-42A3-9474-1A3956D46DE8}") = ".docker", ".docker", "{851E7DA2-1B62-4583-B605-8F836C071F9F}"
	ProjectSection(SolutionItems) = preProject
		.docker\.env = .docker\.env
		.docker\docker-compose-ls.yml = .docker\docker-compose-ls.yml
		.docker\IlabUsers.Api.Dockerfile = .docker\IlabUsers.Api.Dockerfile
	EndProjectSection
EndProject
Project("{2150E333-8FDC-42A3-9474-1A3956D46DE8}") = ".localstack", ".localstack", "{4712E6C2-4BF3-4AD6-8174-6389221DB2F6}"
	ProjectSection(SolutionItems) = preProject
		.localstack\cleanup.sh = .localstack\cleanup.sh
		.localstack\start.sh = .localstack\start.sh
	EndProjectSection
EndProject
Project("{2150E333-8FDC-42A3-9474-1A3956D46DE8}") = "init", "init", "{70CDB40B-A8D8-4ACC-BBAD-6FFB41377713}"
	ProjectSection(SolutionItems) = preProject
		.localstack\init\provision.sh = .localstack\init\provision.sh
		.localstack\init\role-policy.json = .localstack\init\role-policy.json
		.localstack\init\trust-relationship.json = .localstack\init\trust-relationship.json
	EndProjectSection
EndProject
Project("{2150E333-8FDC-42A3-9474-1A3956D46DE8}") = ".github", ".github", "{D88B125E-7679-4CC5-A87C-5DF65BE12200}"
	ProjectSection(SolutionItems) = preProject
		.github\workflows\ci-cd-pipeline.yml = .github\workflows\ci-cd-pipeline.yml
	EndProjectSection
EndProject
Global
	GlobalSection(SolutionConfigurationPlatforms) = preSolution
		Debug|Any CPU = Debug|Any CPU
		Release|Any CPU = Release|Any CPU
	EndGlobalSection
	GlobalSection(NestedProjects) = preSolution
		{34CD1AB8-7DE6-468D-A187-CF1779F25AB4} = {2B563D3D-4479-4898-B423-FDD47707333C}
		{9931E8A8-7A42-4F8D-B1F7-768DBBBFD668} = {25348360-33B0-4D40-8C79-A7AA5CECBB33}
		{851E7DA2-1B62-4583-B605-8F836C071F9F} = {25348360-33B0-4D40-8C79-A7AA5CECBB33}
		{4712E6C2-4BF3-4AD6-8174-6389221DB2F6} = {25348360-33B0-4D40-8C79-A7AA5CECBB33}
		{70CDB40B-A8D8-4ACC-BBAD-6FFB41377713} = {4712E6C2-4BF3-4AD6-8174-6389221DB2F6}
		{D88B125E-7679-4CC5-A87C-5DF65BE12200} = {25348360-33B0-4D40-8C79-A7AA5CECBB33}
	EndGlobalSection
	GlobalSection(ProjectConfigurationPlatforms) = postSolution
		{34CD1AB8-7DE6-468D-A187-CF1779F25AB4}.Debug|Any CPU.ActiveCfg = Debug|Any CPU
		{34CD1AB8-7DE6-468D-A187-CF1779F25AB4}.Debug|Any CPU.Build.0 = Debug|Any CPU
		{34CD1AB8-7DE6-468D-A187-CF1779F25AB4}.Release|Any CPU.ActiveCfg = Release|Any CPU
		{34CD1AB8-7DE6-468D-A187-CF1779F25AB4}.Release|Any CPU.Build.0 = Release|Any CPU
	EndGlobalSection
EndGlobal
